
Microsoft Visual Studio Solution File, Format Version 12.00
# Visual Studio Version 17
VisualStudioVersion = 17.9.34728.123
MinimumVisualStudioVersion = 10.0.40219.1
Project("{FAE04EC0-301F-11D3-BF4B-00C04F79EFBC}") = "FinalProjectAutomation", "FinalProjectAutomation.csproj", "{2BBFBD0E-1E8E-4A65-B132-0BB2DAE87285}"
EndProject
Global
	GlobalSection(SolutionConfigurationPlatforms) = preSolution
		Debug|Any CPU = Debug|Any CPU
		Release|Any CPU = Release|Any CPU
	EndGlobalSection
	GlobalSection(ProjectConfigurationPlatforms) = postSolution
		{2BBFBD0E-1E8E-4A65-B132-0BB2DAE87285}.Debug|Any CPU.ActiveCfg = Debug|Any CPU
		{2BBFBD0E-1E8E-4A65-B132-0BB2DAE87285}.Debug|Any CPU.Build.0 = Debug|Any CPU
		{2BBFBD0E-1E8E-4A65-B132-0BB2DAE87285}.Release|Any CPU.ActiveCfg = Release|Any CPU
		{2BBFBD0E-1E8E-4A65-B132-0BB2DAE87285}.Release|Any CPU.Build.0 = Release|Any CPU
	EndGlobalSection
	GlobalSection(SolutionProperties) = preSolution
		HideSolutionNode = FALSE
	EndGlobalSection
	GlobalSection(ExtensibilityGlobals) = postSolution
		SolutionGuid = {632E1349-76F5-4AAF-B148-2AD84388FDDE}
	EndGlobalSection
EndGlobal
